
Microsoft Visual Studio Solution File, Format Version 12.00
# Visual Studio Version 17
VisualStudioVersion = 17.0.31919.166
MinimumVisualStudioVersion = 10.0.40219.1
Project("{FAE04EC0-301F-11D3-BF4B-00C04F79EFBC}") = "Moment-3.3-API", "Moment-3.3-API\Moment-3.3-API.csproj", "{F7534AEE-A96E-46A2-8994-83BA4CB37340}"
EndProject
Global
	GlobalSection(SolutionConfigurationPlatforms) = preSolution
		Debug|Any CPU = Debug|Any CPU
		Release|Any CPU = Release|Any CPU
	EndGlobalSection
	GlobalSection(ProjectConfigurationPlatforms) = postSolution
		{F7534AEE-A96E-46A2-8994-83BA4CB37340}.Debug|Any CPU.ActiveCfg = Debug|Any CPU
		{F7534AEE-A96E-46A2-8994-83BA4CB37340}.Debug|Any CPU.Build.0 = Debug|Any CPU
		{F7534AEE-A96E-46A2-8994-83BA4CB37340}.Release|Any CPU.ActiveCfg = Release|Any CPU
		{F7534AEE-A96E-46A2-8994-83BA4CB37340}.Release|Any CPU.Build.0 = Release|Any CPU
	EndGlobalSection
	GlobalSection(SolutionProperties) = preSolution
		HideSolutionNode = FALSE
	EndGlobalSection
	GlobalSection(ExtensibilityGlobals) = postSolution
		SolutionGuid = {879D4BBE-E057-4E26-AA4E-8C2C01CC796F}
	EndGlobalSection
EndGlobal
